
Microsoft Visual Studio Solution File, Format Version 12.00
# Visual Studio Version 16
VisualStudioVersion = 16.0.30907.101
MinimumVisualStudioVersion = 10.0.40219.1
Project("{2150E333-8FDC-42A3-9474-1A3956D46DE8}") = "Platforms", "Platforms", "{2BE4C46D-6237-4399-B6A4-08DA40E778E3}"
EndProject
Project("{FAE04EC0-301F-11D3-BF4B-00C04F79EFBC}") = "AnnaDisplay.UWP", "AnnaDisplay\AnnaDisplay.UWP\AnnaDisplay.UWP.csproj", "{72206C40-3218-40A5-A892-C889A130E94A}"
EndProject
Project("{9A19103F-16F7-4668-BE54-9A1E7A4F7556}") = "AnnaDisplay.Skia.Gtk", "AnnaDisplay\AnnaDisplay.Skia.Gtk\AnnaDisplay.Skia.Gtk.csproj", "{6450ECE6-C9C0-46DA-A74A-E25C2B6CDB62}"
EndProject
Project("{D954291E-2A0B-460D-934E-DC6B0785DB48}") = "AnnaDisplay.Shared", "AnnaDisplay\AnnaDisplay.Shared\AnnaDisplay.Shared.shproj", "{6279C845-92F8-4333-AB99-3D213163593C}"
EndProject
Global
	GlobalSection(SharedMSBuildProjectFiles) = preSolution
		AnnaDisplay\AnnaDisplay.Shared\AnnaDisplay.Shared.projitems*{6279c845-92f8-4333-ab99-3d213163593c}*SharedItemsImports = 13
		AnnaDisplay\AnnaDisplay.Shared\AnnaDisplay.Shared.projitems*{6450ece6-c9c0-46da-a74a-e25c2b6cdb62}*SharedItemsImports = 5
		AnnaDisplay\AnnaDisplay.Shared\AnnaDisplay.Shared.projitems*{72206c40-3218-40a5-a892-c889a130e94a}*SharedItemsImports = 4
	EndGlobalSection
	GlobalSection(SolutionConfigurationPlatforms) = preSolution
		Ad-Hoc|Any CPU = Ad-Hoc|Any CPU
		Ad-Hoc|ARM = Ad-Hoc|ARM
		Ad-Hoc|ARM64 = Ad-Hoc|ARM64
		Ad-Hoc|iPhone = Ad-Hoc|iPhone
		Ad-Hoc|iPhoneSimulator = Ad-Hoc|iPhoneSimulator
		Ad-Hoc|x64 = Ad-Hoc|x64
		Ad-Hoc|x86 = Ad-Hoc|x86
		AppStore|Any CPU = AppStore|Any CPU
		AppStore|ARM = AppStore|ARM
		AppStore|ARM64 = AppStore|ARM64
		AppStore|iPhone = AppStore|iPhone
		AppStore|iPhoneSimulator = AppStore|iPhoneSimulator
		AppStore|x64 = AppStore|x64
		AppStore|x86 = AppStore|x86
		Debug|Any CPU = Debug|Any CPU
		Debug|ARM = Debug|ARM
		Debug|ARM64 = Debug|ARM64
		Debug|iPhone = Debug|iPhone
		Debug|iPhoneSimulator = Debug|iPhoneSimulator
		Debug|x64 = Debug|x64
		Debug|x86 = Debug|x86
		Release|Any CPU = Release|Any CPU
		Release|ARM = Release|ARM
		Release|ARM64 = Release|ARM64
		Release|iPhone = Release|iPhone
		Release|iPhoneSimulator = Release|iPhoneSimulator
		Release|x64 = Release|x64
		Release|x86 = Release|x86
	EndGlobalSection
	GlobalSection(ProjectConfigurationPlatforms) = postSolution
		{72206C40-3218-40A5-A892-C889A130E94A}.Ad-Hoc|Any CPU.ActiveCfg = Debug|x86
		{72206C40-3218-40A5-A892-C889A130E94A}.Ad-Hoc|Any CPU.Build.0 = Debug|x86
		{72206C40-3218-40A5-A892-C889A130E94A}.Ad-Hoc|Any CPU.Deploy.0 = Debug|x86
		{72206C40-3218-40A5-A892-C889A130E94A}.Ad-Hoc|ARM.ActiveCfg = Debug|ARM
		{72206C40-3218-40A5-A892-C889A130E94A}.Ad-Hoc|ARM.Build.0 = Debug|ARM
		{72206C40-3218-40A5-A892-C889A130E94A}.Ad-Hoc|ARM.Deploy.0 = Debug|ARM
		{72206C40-3218-40A5-A892-C889A130E94A}.Ad-Hoc|ARM64.ActiveCfg = Debug|ARM64
		{72206C40-3218-40A5-A892-C889A130E94A}.Ad-Hoc|ARM64.Build.0 = Debug|ARM64
		{72206C40-3218-40A5-A892-C889A130E94A}.Ad-Hoc|ARM64.Deploy.0 = Debug|ARM64
		{72206C40-3218-40A5-A892-C889A130E94A}.Ad-Hoc|iPhone.ActiveCfg = Debug|x86
		{72206C40-3218-40A5-A892-C889A130E94A}.Ad-Hoc|iPhone.Build.0 = Debug|x86
		{72206C40-3218-40A5-A892-C889A130E94A}.Ad-Hoc|iPhone.Deploy.0 = Debug|x86
		{72206C40-3218-40A5-A892-C889A130E94A}.Ad-Hoc|iPhoneSimulator.ActiveCfg = Debug|x86
		{72206C40-3218-40A5-A892-C889A130E94A}.Ad-Hoc|iPhoneSimulator.Build.0 = Debug|x86
		{72206C40-3218-40A5-A892-C889A130E94A}.Ad-Hoc|iPhoneSimulator.Deploy.0 = Debug|x86
		{72206C40-3218-40A5-A892-C889A130E94A}.Ad-Hoc|x64.ActiveCfg = Debug|x64
		{72206C40-3218-40A5-A892-C889A130E94A}.Ad-Hoc|x64.Build.0 = Debug|x64
		{72206C40-3218-40A5-A892-C889A130E94A}.Ad-Hoc|x64.Deploy.0 = Debug|x64
		{72206C40-3218-40A5-A892-C889A130E94A}.Ad-Hoc|x86.ActiveCfg = Debug|x86
		{72206C40-3218-40A5-A892-C889A130E94A}.Ad-Hoc|x86.Build.0 = Debug|x86
		{72206C40-3218-40A5-A892-C889A130E94A}.Ad-Hoc|x86.Deploy.0 = Debug|x86
		{72206C40-3218-40A5-A892-C889A130E94A}.AppStore|Any CPU.ActiveCfg = Debug|x86
		{72206C40-3218-40A5-A892-C889A130E94A}.AppStore|Any CPU.Build.0 = Debug|x86
		{72206C40-3218-40A5-A892-C889A130E94A}.AppStore|Any CPU.Deploy.0 = Debug|x86
		{72206C40-3218-40A5-A892-C889A130E94A}.AppStore|ARM.ActiveCfg = Debug|ARM
		{72206C40-3218-40A5-A892-C889A130E94A}.AppStore|ARM.Build.0 = Debug|ARM
		{72206C40-3218-40A5-A892-C889A130E94A}.AppStore|ARM.Deploy.0 = Debug|ARM
		{72206C40-3218-40A5-A892-C889A130E94A}.AppStore|ARM64.ActiveCfg = Debug|ARM64
		{72206C40-3218-40A5-A892-C889A130E94A}.AppStore|ARM64.Build.0 = Debug|ARM64
		{72206C40-3218-40A5-A892-C889A130E94A}.AppStore|ARM64.Deploy.0 = Debug|ARM64
		{72206C40-3218-40A5-A892-C889A130E94A}.AppStore|iPhone.ActiveCfg = Debug|x86
		{72206C40-3218-40A5-A892-C889A130E94A}.AppStore|iPhone.Build.0 = Debug|x86
		{72206C40-3218-40A5-A892-C889A130E94A}.AppStore|iPhone.Deploy.0 = Debug|x86
		{72206C40-3218-40A5-A892-C889A130E94A}.AppStore|iPhoneSimulator.ActiveCfg = Debug|x86
		{72206C40-3218-40A5-A892-C889A130E94A}.AppStore|iPhoneSimulator.Build.0 = Debug|x86
		{72206C40-3218-40A5-A892-C889A130E94A}.AppStore|iPhoneSimulator.Deploy.0 = Debug|x86
		{72206C40-3218-40A5-A892-C889A130E94A}.AppStore|x64.ActiveCfg = Debug|x64
		{72206C40-3218-40A5-A892-C889A130E94A}.AppStore|x64.Build.0 = Debug|x64
		{72206C40-3218-40A5-A892-C889A130E94A}.AppStore|x64.Deploy.0 = Debug|x64
		{72206C40-3218-40A5-A892-C889A130E94A}.AppStore|x86.ActiveCfg = Debug|x86
		{72206C40-3218-40A5-A892-C889A130E94A}.AppStore|x86.Build.0 = Debug|x86
		{72206C40-3218-40A5-A892-C889A130E94A}.AppStore|x86.Deploy.0 = Debug|x86
		{72206C40-3218-40A5-A892-C889A130E94A}.Debug|Any CPU.ActiveCfg = Debug|x86
		{72206C40-3218-40A5-A892-C889A130E94A}.Debug|ARM.ActiveCfg = Debug|ARM
		{72206C40-3218-40A5-A892-C889A130E94A}.Debug|ARM.Build.0 = Debug|ARM
		{72206C40-3218-40A5-A892-C889A130E94A}.Debug|ARM.Deploy.0 = Debug|ARM
		{72206C40-3218-40A5-A892-C889A130E94A}.Debug|ARM64.ActiveCfg = Debug|ARM64
		{72206C40-3218-40A5-A892-C889A130E94A}.Debug|ARM64.Build.0 = Debug|ARM64
		{72206C40-3218-40A5-A892-C889A130E94A}.Debug|ARM64.Deploy.0 = Debug|ARM64
		{72206C40-3218-40A5-A892-C889A130E94A}.Debug|iPhone.ActiveCfg = Debug|x86
		{72206C40-3218-40A5-A892-C889A130E94A}.Debug|iPhoneSimulator.ActiveCfg = Debug|x86
		{72206C40-3218-40A5-A892-C889A130E94A}.Debug|x64.ActiveCfg = Debug|x64
		{72206C40-3218-40A5-A892-C889A130E94A}.Debug|x64.Build.0 = Debug|x64
		{72206C40-3218-40A5-A892-C889A130E94A}.Debug|x64.Deploy.0 = Debug|x64
		{72206C40-3218-40A5-A892-C889A130E94A}.Debug|x86.ActiveCfg = Debug|x86
		{72206C40-3218-40A5-A892-C889A130E94A}.Debug|x86.Build.0 = Debug|x86
		{72206C40-3218-40A5-A892-C889A130E94A}.Debug|x86.Deploy.0 = Debug|x86
		{72206C40-3218-40A5-A892-C889A130E94A}.Release|Any CPU.ActiveCfg = Release|x86
		{72206C40-3218-40A5-A892-C889A130E94A}.Release|ARM.ActiveCfg = Release|ARM
		{72206C40-3218-40A5-A892-C889A130E94A}.Release|ARM.Build.0 = Release|ARM
		{72206C40-3218-40A5-A892-C889A130E94A}.Release|ARM.Deploy.0 = Release|ARM
		{72206C40-3218-40A5-A892-C889A130E94A}.Release|ARM64.ActiveCfg = Release|ARM64
		{72206C40-3218-40A5-A892-C889A130E94A}.Release|ARM64.Build.0 = Release|ARM64
		{72206C40-3218-40A5-A892-C889A130E94A}.Release|ARM64.Deploy.0 = Release|ARM64
		{72206C40-3218-40A5-A892-C889A130E94A}.Release|iPhone.ActiveCfg = Release|x86
		{72206C40-3218-40A5-A892-C889A130E94A}.Release|iPhoneSimulator.ActiveCfg = Release|x86
		{72206C40-3218-40A5-A892-C889A130E94A}.Release|x64.ActiveCfg = Release|x64
		{72206C40-3218-40A5-A892-C889A130E94A}.Release|x64.Build.0 = Release|x64
		{72206C40-3218-40A5-A892-C889A130E94A}.Release|x64.Deploy.0 = Release|x64
		{72206C40-3218-40A5-A892-C889A130E94A}.Release|x86.ActiveCfg = Release|x86
		{72206C40-3218-40A5-A892-C889A130E94A}.Release|x86.Build.0 = Release|x86
		{72206C40-3218-40A5-A892-C889A130E94A}.Release|x86.Deploy.0 = Release|x86
		{6450ECE6-C9C0-46DA-A74A-E25C2B6CDB62}.Ad-Hoc|Any CPU.ActiveCfg = Debug|Any CPU
		{6450ECE6-C9C0-46DA-A74A-E25C2B6CDB62}.Ad-Hoc|Any CPU.Build.0 = Debug|Any CPU
		{6450ECE6-C9C0-46DA-A74A-E25C2B6CDB62}.Ad-Hoc|ARM.ActiveCfg = Debug|Any CPU
		{6450ECE6-C9C0-46DA-A74A-E25C2B6CDB62}.Ad-Hoc|ARM.Build.0 = Debug|Any CPU
		{6450ECE6-C9C0-46DA-A74A-E25C2B6CDB62}.Ad-Hoc|ARM64.ActiveCfg = Debug|Any CPU
		{6450ECE6-C9C0-46DA-A74A-E25C2B6CDB62}.Ad-Hoc|ARM64.Build.0 = Debug|Any CPU
		{6450ECE6-C9C0-46DA-A74A-E25C2B6CDB62}.Ad-Hoc|iPhone.ActiveCfg = Debug|Any CPU
		{6450ECE6-C9C0-46DA-A74A-E25C2B6CDB62}.Ad-Hoc|iPhone.Build.0 = Debug|Any CPU
		{6450ECE6-C9C0-46DA-A74A-E25C2B6CDB62}.Ad-Hoc|iPhoneSimulator.ActiveCfg = Debug|Any CPU
		{6450ECE6-C9C0-46DA-A74A-E25C2B6CDB62}.Ad-Hoc|iPhoneSimulator.Build.0 = Debug|Any CPU
		{6450ECE6-C9C0-46DA-A74A-E25C2B6CDB62}.Ad-Hoc|x64.ActiveCfg = Debug|Any CPU
		{6450ECE6-C9C0-46DA-A74A-E25C2B6CDB62}.Ad-Hoc|x64.Build.0 = Debug|Any CPU
		{6450ECE6-C9C0-46DA-A74A-E25C2B6CDB62}.Ad-Hoc|x86.ActiveCfg = Debug|Any CPU
		{6450ECE6-C9C0-46DA-A74A-E25C2B6CDB62}.Ad-Hoc|x86.Build.0 = Debug|Any CPU
		{6450ECE6-C9C0-46DA-A74A-E25C2B6CDB62}.AppStore|Any CPU.ActiveCfg = Debug|Any CPU
		{6450ECE6-C9C0-46DA-A74A-E25C2B6CDB62}.AppStore|Any CPU.Build.0 = Debug|Any CPU
		{6450ECE6-C9C0-46DA-A74A-E25C2B6CDB62}.AppStore|ARM.ActiveCfg = Debug|Any CPU
		{6450ECE6-C9C0-46DA-A74A-E25C2B6CDB62}.AppStore|ARM.Build.0 = Debug|Any CPU
		{6450ECE6-C9C0-46DA-A74A-E25C2B6CDB62}.AppStore|ARM64.ActiveCfg = Debug|Any CPU
		{6450ECE6-C9C0-46DA-A74A-E25C2B6CDB62}.AppStore|ARM64.Build.0 = Debug|Any CPU
		{6450ECE6-C9C0-46DA-A74A-E25C2B6CDB62}.AppStore|iPhone.ActiveCfg = Debug|Any CPU
		{6450ECE6-C9C0-46DA-A74A-E25C2B6CDB62}.AppStore|iPhone.Build.0 = Debug|Any CPU
		{6450ECE6-C9C0-46DA-A74A-E25C2B6CDB62}.AppStore|iPhoneSimulator.ActiveCfg = Debug|Any CPU
		{6450ECE6-C9C0-46DA-A74A-E25C2B6CDB62}.AppStore|iPhoneSimulator.Build.0 = Debug|Any CPU
		{6450ECE6-C9C0-46DA-A74A-E25C2B6CDB62}.AppStore|x64.ActiveCfg = Debug|Any CPU
		{6450ECE6-C9C0-46DA-A74A-E25C2B6CDB62}.AppStore|x64.Build.0 = Debug|Any CPU
		{6450ECE6-C9C0-46DA-A74A-E25C2B6CDB62}.AppStore|x86.ActiveCfg = Debug|Any CPU
		{6450ECE6-C9C0-46DA-A74A-E25C2B6CDB62}.AppStore|x86.Build.0 = Debug|Any CPU
		{6450ECE6-C9C0-46DA-A74A-E25C2B6CDB62}.Debug|Any CPU.ActiveCfg = Debug|Any CPU
		{6450ECE6-C9C0-46DA-A74A-E25C2B6CDB62}.Debug|Any CPU.Build.0 = Debug|Any CPU
		{6450ECE6-C9C0-46DA-A74A-E25C2B6CDB62}.Debug|ARM.ActiveCfg = Debug|Any CPU
		{6450ECE6-C9C0-46DA-A74A-E25C2B6CDB62}.Debug|ARM.Build.0 = Debug|Any CPU
		{6450ECE6-C9C0-46DA-A74A-E25C2B6CDB62}.Debug|ARM64.ActiveCfg = Debug|Any CPU
		{6450ECE6-C9C0-46DA-A74A-E25C2B6CDB62}.Debug|ARM64.Build.0 = Debug|Any CPU
		{6450ECE6-C9C0-46DA-A74A-E25C2B6CDB62}.Debug|iPhone.ActiveCfg = Debug|Any CPU
		{6450ECE6-C9C0-46DA-A74A-E25C2B6CDB62}.Debug|iPhone.Build.0 = Debug|Any CPU
		{6450ECE6-C9C0-46DA-A74A-E25C2B6CDB62}.Debug|iPhoneSimulator.ActiveCfg = Debug|Any CPU
		{6450ECE6-C9C0-46DA-A74A-E25C2B6CDB62}.Debug|iPhoneSimulator.Build.0 = Debug|Any CPU
		{6450ECE6-C9C0-46DA-A74A-E25C2B6CDB62}.Debug|x64.ActiveCfg = Debug|Any CPU
		{6450ECE6-C9C0-46DA-A74A-E25C2B6CDB62}.Debug|x64.Build.0 = Debug|Any CPU
		{6450ECE6-C9C0-46DA-A74A-E25C2B6CDB62}.Debug|x86.ActiveCfg = Debug|Any CPU
		{6450ECE6-C9C0-46DA-A74A-E25C2B6CDB62}.Debug|x86.Build.0 = Debug|Any CPU
		{6450ECE6-C9C0-46DA-A74A-E25C2B6CDB62}.Release|Any CPU.ActiveCfg = Release|Any CPU
		{6450ECE6-C9C0-46DA-A74A-E25C2B6CDB62}.Release|Any CPU.Build.0 = Release|Any CPU
		{6450ECE6-C9C0-46DA-A74A-E25C2B6CDB62}.Release|ARM.ActiveCfg = Release|Any CPU
		{6450ECE6-C9C0-46DA-A74A-E25C2B6CDB62}.Release|ARM.Build.0 = Release|Any CPU
		{6450ECE6-C9C0-46DA-A74A-E25C2B6CDB62}.Release|ARM64.ActiveCfg = Release|Any CPU
		{6450ECE6-C9C0-46DA-A74A-E25C2B6CDB62}.Release|ARM64.Build.0 = Release|Any CPU
		{6450ECE6-C9C0-46DA-A74A-E25C2B6CDB62}.Release|iPhone.ActiveCfg = Release|Any CPU
		{6450ECE6-C9C0-46DA-A74A-E25C2B6CDB62}.Release|iPhone.Build.0 = Release|Any CPU
		{6450ECE6-C9C0-46DA-A74A-E25C2B6CDB62}.Release|iPhoneSimulator.ActiveCfg = Release|Any CPU
		{6450ECE6-C9C0-46DA-A74A-E25C2B6CDB62}.Release|iPhoneSimulator.Build.0 = Release|Any CPU
		{6450ECE6-C9C0-46DA-A74A-E25C2B6CDB62}.Release|x64.ActiveCfg = Release|Any CPU
		{6450ECE6-C9C0-46DA-A74A-E25C2B6CDB62}.Release|x64.Build.0 = Release|Any CPU
		{6450ECE6-C9C0-46DA-A74A-E25C2B6CDB62}.Release|x86.ActiveCfg = Release|Any CPU
		{6450ECE6-C9C0-46DA-A74A-E25C2B6CDB62}.Release|x86.Build.0 = Release|Any CPU
	EndGlobalSection
	GlobalSection(SolutionProperties) = preSolution
		HideSolutionNode = FALSE
	EndGlobalSection
	GlobalSection(NestedProjects) = preSolution
		{72206C40-3218-40A5-A892-C889A130E94A} = {2BE4C46D-6237-4399-B6A4-08DA40E778E3}
		{6450ECE6-C9C0-46DA-A74A-E25C2B6CDB62} = {2BE4C46D-6237-4399-B6A4-08DA40E778E3}
	EndGlobalSection
	GlobalSection(ExtensibilityGlobals) = postSolution
		SolutionGuid = {B2A7D922-C09C-42C2-B0FA-25BF435CDBAA}
	EndGlobalSection
EndGlobal
